
Microsoft Visual Studio Solution File, Format Version 12.00
# Visual Studio Version 16
VisualStudioVersion = 16.0.29709.97
MinimumVisualStudioVersion = 10.0.40219.1
Project("{FAE04EC0-301F-11D3-BF4B-00C04F79EFBC}") = "AccessLayerMdS", "AccessLayerMdS\AccessLayerMdS.csproj", "{46382F9D-A76D-4C3E-8F2C-FF2E66515DE0}"
EndProject
Project("{9A19103F-16F7-4668-BE54-9A1E7A4F7556}") = "AccessLayerMdS.Models", "AccessLayerMdS.Models\AccessLayerMdS.Models.csproj", "{D1B93A5A-04CD-4544-87E3-AA52F6DC4AF3}"
EndProject
Project("{9A19103F-16F7-4668-BE54-9A1E7A4F7556}") = "AccessLayerMdS.Core", "AccessLayerMdS.Core\AccessLayerMdS.Core.csproj", "{070FBE88-B795-42B8-AF70-8F3B741A2D97}"
EndProject
Project("{9A19103F-16F7-4668-BE54-9A1E7A4F7556}") = "AccessLayerMdS.DIR", "AccessLayerMdS.DIR\AccessLayerMdS.DIR.csproj", "{431EE5B2-90FD-4344-AA41-05E39E3AA68B}"
EndProject
Project("{9A19103F-16F7-4668-BE54-9A1E7A4F7556}") = "AccessLayerMdS.DPM", "AccessLayerMdS.DPM\AccessLayerMdS.DPM.csproj", "{C29348F9-1116-49B6-913B-0A1F593A62F4}"
EndProject
Project("{54435603-DBB4-11D2-8724-00A0C9A8B90C}") = "AccessLayerMdS.Setup", "AccessLayerMdS.Setup\AccessLayerMdS.Setup.vdproj", "{D63F8CC4-88E7-421E-8D43-7475A9E26F18}"
EndProject
Project("{9A19103F-16F7-4668-BE54-9A1E7A4F7556}") = "AccessLayerMdS.SALM.VIG", "AccessLayerMdS.SALM.VIG\AccessLayerMdS.SALM.VIG.csproj", "{9FF48878-9972-4BD4-A0DB-AAC0410E706E}"
EndProject
Project("{9A19103F-16F7-4668-BE54-9A1E7A4F7556}") = "AccessLayerMdS.SALM.PNR", "AccessLayerMdS.SALM.PNR\AccessLayerMdS.SALM.PNR.csproj", "{96BEE692-E2E7-454F-92C0-AE82DEB498F2}"
EndProject
Project("{9A19103F-16F7-4668-BE54-9A1E7A4F7556}") = "AccessLayerMdS.SALM.PSD", "AccessLayerMdS.SALM.PSD\AccessLayerMdS.SALM.PSD.csproj", "{AFAE88FD-5889-4775-8E81-3EC00074C49C}"
EndProject
Project("{9A19103F-16F7-4668-BE54-9A1E7A4F7556}") = "AccessLayerMdS.SISM.RES", "AccessLayerMdS.SISM.RES\AccessLayerMdS.SISM.RES.csproj", "{1E516999-5823-4D53-97DB-1C1CE8FAFD19}"
EndProject
Project("{9A19103F-16F7-4668-BE54-9A1E7A4F7556}") = "AccessLayerMdS.SISM.SEMIRES", "AccessLayerMdS.SISM.SEMIRES\AccessLayerMdS.SISM.SEMIRES.csproj", "{8B75AA0C-1190-4494-B32E-3424E568F659}"
EndProject
Project("{9A19103F-16F7-4668-BE54-9A1E7A4F7556}") = "AccessLayerMdS.SISM.TER", "AccessLayerMdS.SISM.TER\AccessLayerMdS.SISM.TER.csproj", "{2A2D4DC4-AA74-478C-87FB-03B14163F6A5}"
EndProject
Project("{9A19103F-16F7-4668-BE54-9A1E7A4F7556}") = "AccessLayerMdS.AVN.NSR", "AccessLayerMdS.AVN.NSR\AccessLayerMdS.AVN.NSR.csproj", "{C3C7FA15-F4B0-4D1A-91E6-7AC5A4589B21}"
EndProject
Project("{9A19103F-16F7-4668-BE54-9A1E7A4F7556}") = "AccessLayerMdS.AVN.NSM", "AccessLayerMdS.AVN.NSM\AccessLayerMdS.AVN.NSM.csproj", "{7F97561E-B609-4B78-9921-137D669A3CCF}"
EndProject
Project("{9A19103F-16F7-4668-BE54-9A1E7A4F7556}") = "AccessLayerMdS.AVN.SR", "AccessLayerMdS.AVN.SR\AccessLayerMdS.AVN.SR.csproj", "{7A1CD2D2-19B8-41EA-8099-A4036011FDA5}"
EndProject
Project("{9A19103F-16F7-4668-BE54-9A1E7A4F7556}") = "AccessLayerMdS.AVN.SM", "AccessLayerMdS.AVN.SM\AccessLayerMdS.AVN.SM.csproj", "{A6B6D13C-D4BB-4FE4-A752-A2126C51B9CD}"
EndProject
Project("{9A19103F-16F7-4668-BE54-9A1E7A4F7556}") = "AccessLayerMdS.EMURPS", "AccessLayerMdS.EMURPS\AccessLayerMdS.EMURPS.csproj", "{20A9027A-0605-44EB-9BDF-17AFBE27B03F}"
EndProject
Project("{9A19103F-16F7-4668-BE54-9A1E7A4F7556}") = "AccessLayerMdS.DISPOVIG", "AccessLayerMdS.DISPOVIG\AccessLayerMdS.DISPOVIG.csproj", "{D3780912-5FAA-431F-A4BF-3DD7600A1E70}"
EndProject
Project("{9A19103F-16F7-4668-BE54-9A1E7A4F7556}") = "AccessLayerMdS.Monitoraggio", "AccessLayerMdS.Monitoraggio\AccessLayerMdS.Monitoraggio.csproj", "{B7387D52-BED0-4B4B-8F5E-FE2B78D1623F}"
EndProject
Project("{9A19103F-16F7-4668-BE54-9A1E7A4F7556}") = "AccessLayerMdS.AVN.AVM", "AccessLayerMdS.AVN.AVM\AccessLayerMdS.AVN.AVM.csproj", "{1D642BCA-A8A8-491D-8110-F0104B25DE0B}"
EndProject
Project("{FAE04EC0-301F-11D3-BF4B-00C04F79EFBC}") = "AccessLayerMdS.AVN.AVX", "AccessLayerMdS.AVN.AVX\AccessLayerMdS.AVN.AVX.csproj", "{63464239-DF6F-4FE4-9352-C2820004FB36}"
EndProject
Project("{FAE04EC0-301F-11D3-BF4B-00C04F79EFBC}") = "AccessLayerMdS.SISM.CNR", "AccessLayerMdS.SISM.CNR\AccessLayerMdS.SISM.CNR.csproj", "{5BBFED8F-941F-45E9-8C87-2BEA3D8B2C12}"
EndProject
Project("{FAE04EC0-301F-11D3-BF4B-00C04F79EFBC}") = "AccessLayerMdS.SISM.ANR", "AccessLayerMdS.SISM.ANR\AccessLayerMdS.SISM.ANR.csproj", "{1EB1D8EE-52C1-4C3F-B2B3-23E120A75D33}"
EndProject
Project("{FAE04EC0-301F-11D3-BF4B-00C04F79EFBC}") = "AccessLayerMdS.SISM.CNT", "AccessLayerMdS.SISM.CNT\AccessLayerMdS.SISM.CNT.csproj", "{37AC2A7F-6CF8-406F-96F0-6D63CD47EB63}"
EndProject
Project("{FAE04EC0-301F-11D3-BF4B-00C04F79EFBC}") = "AccessLayerMdS.SISM.ANT", "AccessLayerMdS.SISM.ANT\AccessLayerMdS.SISM.ANT.csproj", "{C65745B1-8C91-42F2-97C8-372611F8DFD1}"
EndProject
Global
	GlobalSection(SolutionConfigurationPlatforms) = preSolution
		Debug|Any CPU = Debug|Any CPU
		Release|Any CPU = Release|Any CPU
	EndGlobalSection
	GlobalSection(ProjectConfigurationPlatforms) = postSolution
		{46382F9D-A76D-4C3E-8F2C-FF2E66515DE0}.Debug|Any CPU.ActiveCfg = Debug|Any CPU
		{46382F9D-A76D-4C3E-8F2C-FF2E66515DE0}.Debug|Any CPU.Build.0 = Debug|Any CPU
		{46382F9D-A76D-4C3E-8F2C-FF2E66515DE0}.Release|Any CPU.ActiveCfg = Release|Any CPU
		{46382F9D-A76D-4C3E-8F2C-FF2E66515DE0}.Release|Any CPU.Build.0 = Release|Any CPU
		{D1B93A5A-04CD-4544-87E3-AA52F6DC4AF3}.Debug|Any CPU.ActiveCfg = Debug|Any CPU
		{D1B93A5A-04CD-4544-87E3-AA52F6DC4AF3}.Debug|Any CPU.Build.0 = Debug|Any CPU
		{D1B93A5A-04CD-4544-87E3-AA52F6DC4AF3}.Release|Any CPU.ActiveCfg = Release|Any CPU
		{D1B93A5A-04CD-4544-87E3-AA52F6DC4AF3}.Release|Any CPU.Build.0 = Release|Any CPU
		{070FBE88-B795-42B8-AF70-8F3B741A2D97}.Debug|Any CPU.ActiveCfg = Debug|Any CPU
		{070FBE88-B795-42B8-AF70-8F3B741A2D97}.Debug|Any CPU.Build.0 = Debug|Any CPU
		{070FBE88-B795-42B8-AF70-8F3B741A2D97}.Release|Any CPU.ActiveCfg = Release|Any CPU
		{070FBE88-B795-42B8-AF70-8F3B741A2D97}.Release|Any CPU.Build.0 = Release|Any CPU
		{431EE5B2-90FD-4344-AA41-05E39E3AA68B}.Debug|Any CPU.ActiveCfg = Debug|Any CPU
		{431EE5B2-90FD-4344-AA41-05E39E3AA68B}.Debug|Any CPU.Build.0 = Debug|Any CPU
		{431EE5B2-90FD-4344-AA41-05E39E3AA68B}.Release|Any CPU.ActiveCfg = Release|Any CPU
		{431EE5B2-90FD-4344-AA41-05E39E3AA68B}.Release|Any CPU.Build.0 = Release|Any CPU
		{C29348F9-1116-49B6-913B-0A1F593A62F4}.Debug|Any CPU.ActiveCfg = Debug|Any CPU
		{C29348F9-1116-49B6-913B-0A1F593A62F4}.Debug|Any CPU.Build.0 = Debug|Any CPU
		{C29348F9-1116-49B6-913B-0A1F593A62F4}.Release|Any CPU.ActiveCfg = Release|Any CPU
		{C29348F9-1116-49B6-913B-0A1F593A62F4}.Release|Any CPU.Build.0 = Release|Any CPU
		{D63F8CC4-88E7-421E-8D43-7475A9E26F18}.Debug|Any CPU.ActiveCfg = Debug
		{D63F8CC4-88E7-421E-8D43-7475A9E26F18}.Release|Any CPU.ActiveCfg = Release
		{9FF48878-9972-4BD4-A0DB-AAC0410E706E}.Debug|Any CPU.ActiveCfg = Debug|Any CPU
		{9FF48878-9972-4BD4-A0DB-AAC0410E706E}.Debug|Any CPU.Build.0 = Debug|Any CPU
		{9FF48878-9972-4BD4-A0DB-AAC0410E706E}.Release|Any CPU.ActiveCfg = Release|Any CPU
		{9FF48878-9972-4BD4-A0DB-AAC0410E706E}.Release|Any CPU.Build.0 = Release|Any CPU
		{96BEE692-E2E7-454F-92C0-AE82DEB498F2}.Debug|Any CPU.ActiveCfg = Debug|Any CPU
		{96BEE692-E2E7-454F-92C0-AE82DEB498F2}.Debug|Any CPU.Build.0 = Debug|Any CPU
		{96BEE692-E2E7-454F-92C0-AE82DEB498F2}.Release|Any CPU.ActiveCfg = Release|Any CPU
		{96BEE692-E2E7-454F-92C0-AE82DEB498F2}.Release|Any CPU.Build.0 = Release|Any CPU
		{AFAE88FD-5889-4775-8E81-3EC00074C49C}.Debug|Any CPU.ActiveCfg = Debug|Any CPU
		{AFAE88FD-5889-4775-8E81-3EC00074C49C}.Debug|Any CPU.Build.0 = Debug|Any CPU
		{AFAE88FD-5889-4775-8E81-3EC00074C49C}.Release|Any CPU.ActiveCfg = Release|Any CPU
		{AFAE88FD-5889-4775-8E81-3EC00074C49C}.Release|Any CPU.Build.0 = Release|Any CPU
		{1E516999-5823-4D53-97DB-1C1CE8FAFD19}.Debug|Any CPU.ActiveCfg = Debug|Any CPU
		{1E516999-5823-4D53-97DB-1C1CE8FAFD19}.Debug|Any CPU.Build.0 = Debug|Any CPU
		{1E516999-5823-4D53-97DB-1C1CE8FAFD19}.Release|Any CPU.ActiveCfg = Release|Any CPU
		{1E516999-5823-4D53-97DB-1C1CE8FAFD19}.Release|Any CPU.Build.0 = Release|Any CPU
		{8B75AA0C-1190-4494-B32E-3424E568F659}.Debug|Any CPU.ActiveCfg = Debug|Any CPU
		{8B75AA0C-1190-4494-B32E-3424E568F659}.Debug|Any CPU.Build.0 = Debug|Any CPU
		{8B75AA0C-1190-4494-B32E-3424E568F659}.Release|Any CPU.ActiveCfg = Release|Any CPU
		{8B75AA0C-1190-4494-B32E-3424E568F659}.Release|Any CPU.Build.0 = Release|Any CPU
		{2A2D4DC4-AA74-478C-87FB-03B14163F6A5}.Debug|Any CPU.ActiveCfg = Debug|Any CPU
		{2A2D4DC4-AA74-478C-87FB-03B14163F6A5}.Debug|Any CPU.Build.0 = Debug|Any CPU
		{2A2D4DC4-AA74-478C-87FB-03B14163F6A5}.Release|Any CPU.ActiveCfg = Release|Any CPU
		{2A2D4DC4-AA74-478C-87FB-03B14163F6A5}.Release|Any CPU.Build.0 = Release|Any CPU
		{C3C7FA15-F4B0-4D1A-91E6-7AC5A4589B21}.Debug|Any CPU.ActiveCfg = Debug|Any CPU
		{C3C7FA15-F4B0-4D1A-91E6-7AC5A4589B21}.Debug|Any CPU.Build.0 = Debug|Any CPU
		{C3C7FA15-F4B0-4D1A-91E6-7AC5A4589B21}.Release|Any CPU.ActiveCfg = Release|Any CPU
		{C3C7FA15-F4B0-4D1A-91E6-7AC5A4589B21}.Release|Any CPU.Build.0 = Release|Any CPU
		{7F97561E-B609-4B78-9921-137D669A3CCF}.Debug|Any CPU.ActiveCfg = Debug|Any CPU
		{7F97561E-B609-4B78-9921-137D669A3CCF}.Debug|Any CPU.Build.0 = Debug|Any CPU
		{7F97561E-B609-4B78-9921-137D669A3CCF}.Release|Any CPU.ActiveCfg = Release|Any CPU
		{7F97561E-B609-4B78-9921-137D669A3CCF}.Release|Any CPU.Build.0 = Release|Any CPU
		{7A1CD2D2-19B8-41EA-8099-A4036011FDA5}.Debug|Any CPU.ActiveCfg = Debug|Any CPU
		{7A1CD2D2-19B8-41EA-8099-A4036011FDA5}.Debug|Any CPU.Build.0 = Debug|Any CPU
		{7A1CD2D2-19B8-41EA-8099-A4036011FDA5}.Release|Any CPU.ActiveCfg = Release|Any CPU
		{7A1CD2D2-19B8-41EA-8099-A4036011FDA5}.Release|Any CPU.Build.0 = Release|Any CPU
		{A6B6D13C-D4BB-4FE4-A752-A2126C51B9CD}.Debug|Any CPU.ActiveCfg = Debug|Any CPU
		{A6B6D13C-D4BB-4FE4-A752-A2126C51B9CD}.Debug|Any CPU.Build.0 = Debug|Any CPU
		{A6B6D13C-D4BB-4FE4-A752-A2126C51B9CD}.Release|Any CPU.ActiveCfg = Release|Any CPU
		{A6B6D13C-D4BB-4FE4-A752-A2126C51B9CD}.Release|Any CPU.Build.0 = Release|Any CPU
		{20A9027A-0605-44EB-9BDF-17AFBE27B03F}.Debug|Any CPU.ActiveCfg = Debug|Any CPU
		{20A9027A-0605-44EB-9BDF-17AFBE27B03F}.Debug|Any CPU.Build.0 = Debug|Any CPU
		{20A9027A-0605-44EB-9BDF-17AFBE27B03F}.Release|Any CPU.ActiveCfg = Release|Any CPU
		{20A9027A-0605-44EB-9BDF-17AFBE27B03F}.Release|Any CPU.Build.0 = Release|Any CPU
		{D3780912-5FAA-431F-A4BF-3DD7600A1E70}.Debug|Any CPU.ActiveCfg = Debug|Any CPU
		{D3780912-5FAA-431F-A4BF-3DD7600A1E70}.Debug|Any CPU.Build.0 = Debug|Any CPU
		{D3780912-5FAA-431F-A4BF-3DD7600A1E70}.Release|Any CPU.ActiveCfg = Release|Any CPU
		{D3780912-5FAA-431F-A4BF-3DD7600A1E70}.Release|Any CPU.Build.0 = Release|Any CPU
		{B7387D52-BED0-4B4B-8F5E-FE2B78D1623F}.Debug|Any CPU.ActiveCfg = Debug|Any CPU
		{B7387D52-BED0-4B4B-8F5E-FE2B78D1623F}.Debug|Any CPU.Build.0 = Debug|Any CPU
		{B7387D52-BED0-4B4B-8F5E-FE2B78D1623F}.Release|Any CPU.ActiveCfg = Release|Any CPU
		{B7387D52-BED0-4B4B-8F5E-FE2B78D1623F}.Release|Any CPU.Build.0 = Release|Any CPU
		{1D642BCA-A8A8-491D-8110-F0104B25DE0B}.Debug|Any CPU.ActiveCfg = Debug|Any CPU
		{1D642BCA-A8A8-491D-8110-F0104B25DE0B}.Debug|Any CPU.Build.0 = Debug|Any CPU
		{1D642BCA-A8A8-491D-8110-F0104B25DE0B}.Release|Any CPU.ActiveCfg = Release|Any CPU
		{1D642BCA-A8A8-491D-8110-F0104B25DE0B}.Release|Any CPU.Build.0 = Release|Any CPU
		{63464239-DF6F-4FE4-9352-C2820004FB36}.Debug|Any CPU.ActiveCfg = Debug|Any CPU
		{63464239-DF6F-4FE4-9352-C2820004FB36}.Debug|Any CPU.Build.0 = Debug|Any CPU
		{63464239-DF6F-4FE4-9352-C2820004FB36}.Release|Any CPU.ActiveCfg = Release|Any CPU
		{63464239-DF6F-4FE4-9352-C2820004FB36}.Release|Any CPU.Build.0 = Release|Any CPU
		{5BBFED8F-941F-45E9-8C87-2BEA3D8B2C12}.Debug|Any CPU.ActiveCfg = Debug|Any CPU
		{5BBFED8F-941F-45E9-8C87-2BEA3D8B2C12}.Debug|Any CPU.Build.0 = Debug|Any CPU
		{5BBFED8F-941F-45E9-8C87-2BEA3D8B2C12}.Release|Any CPU.ActiveCfg = Release|Any CPU
		{5BBFED8F-941F-45E9-8C87-2BEA3D8B2C12}.Release|Any CPU.Build.0 = Release|Any CPU
		{1EB1D8EE-52C1-4C3F-B2B3-23E120A75D33}.Debug|Any CPU.ActiveCfg = Debug|Any CPU
		{1EB1D8EE-52C1-4C3F-B2B3-23E120A75D33}.Debug|Any CPU.Build.0 = Debug|Any CPU
		{1EB1D8EE-52C1-4C3F-B2B3-23E120A75D33}.Release|Any CPU.ActiveCfg = Release|Any CPU
		{1EB1D8EE-52C1-4C3F-B2B3-23E120A75D33}.Release|Any CPU.Build.0 = Release|Any CPU
		{37AC2A7F-6CF8-406F-96F0-6D63CD47EB63}.Debug|Any CPU.ActiveCfg = Debug|Any CPU
		{37AC2A7F-6CF8-406F-96F0-6D63CD47EB63}.Debug|Any CPU.Build.0 = Debug|Any CPU
		{37AC2A7F-6CF8-406F-96F0-6D63CD47EB63}.Release|Any CPU.ActiveCfg = Release|Any CPU
		{37AC2A7F-6CF8-406F-96F0-6D63CD47EB63}.Release|Any CPU.Build.0 = Release|Any CPU
		{C65745B1-8C91-42F2-97C8-372611F8DFD1}.Debug|Any CPU.ActiveCfg = Debug|Any CPU
		{C65745B1-8C91-42F2-97C8-372611F8DFD1}.Debug|Any CPU.Build.0 = Debug|Any CPU
		{C65745B1-8C91-42F2-97C8-372611F8DFD1}.Release|Any CPU.ActiveCfg = Release|Any CPU
		{C65745B1-8C91-42F2-97C8-372611F8DFD1}.Release|Any CPU.Build.0 = Release|Any CPU
	EndGlobalSection
	GlobalSection(SolutionProperties) = preSolution
		HideSolutionNode = FALSE
	EndGlobalSection
	GlobalSection(ExtensibilityGlobals) = postSolution
		SolutionGuid = {C9778A61-DBBA-4509-A196-5152C75721D4}
	EndGlobalSection
EndGlobal
